
Microsoft Visual Studio Solution File, Format Version 12.00
# Visual Studio 14
VisualStudioVersion = 14.0.25123.0
MinimumVisualStudioVersion = 10.0.40219.1
Project("{FAE04EC0-301F-11D3-BF4B-00C04F79EFBC}") = "simTest", "simTest\simTest.csproj", "{19818EE0-F7C9-4E27-80A2-E39DA982AFC0}"
EndProject
Project("{FAE04EC0-301F-11D3-BF4B-00C04F79EFBC}") = "Vectors", "Vectors\Vectors.csproj", "{43345D2D-5AD7-4489-B720-994DF9A9F361}"
EndProject
Project("{FAE04EC0-301F-11D3-BF4B-00C04F79EFBC}") = "Solvers", "Solvers\Solvers.csproj", "{0F973619-6A14-470C-9C14-08637D881367}"
EndProject
Project("{FAE04EC0-301F-11D3-BF4B-00C04F79EFBC}") = "Controls", "Controls\Controls.csproj", "{F27F7680-1AAC-48A5-87C2-062F457C1732}"
EndProject
Project("{FAE04EC0-301F-11D3-BF4B-00C04F79EFBC}") = "ControlsTest", "ControlsTest\ControlsTest.csproj", "{2E8AB3E7-9279-4081-B71F-2F7F8BB79FC4}"
EndProject
Global
	GlobalSection(SolutionConfigurationPlatforms) = preSolution
		Debug|Any CPU = Debug|Any CPU
		Release|Any CPU = Release|Any CPU
	EndGlobalSection
	GlobalSection(ProjectConfigurationPlatforms) = postSolution
		{19818EE0-F7C9-4E27-80A2-E39DA982AFC0}.Debug|Any CPU.ActiveCfg = Debug|Any CPU
		{19818EE0-F7C9-4E27-80A2-E39DA982AFC0}.Debug|Any CPU.Build.0 = Debug|Any CPU
		{19818EE0-F7C9-4E27-80A2-E39DA982AFC0}.Release|Any CPU.ActiveCfg = Release|Any CPU
		{19818EE0-F7C9-4E27-80A2-E39DA982AFC0}.Release|Any CPU.Build.0 = Release|Any CPU
		{43345D2D-5AD7-4489-B720-994DF9A9F361}.Debug|Any CPU.ActiveCfg = Debug|Any CPU
		{43345D2D-5AD7-4489-B720-994DF9A9F361}.Debug|Any CPU.Build.0 = Debug|Any CPU
		{43345D2D-5AD7-4489-B720-994DF9A9F361}.Release|Any CPU.ActiveCfg = Release|Any CPU
		{43345D2D-5AD7-4489-B720-994DF9A9F361}.Release|Any CPU.Build.0 = Release|Any CPU
		{0F973619-6A14-470C-9C14-08637D881367}.Debug|Any CPU.ActiveCfg = Debug|Any CPU
		{0F973619-6A14-470C-9C14-08637D881367}.Debug|Any CPU.Build.0 = Debug|Any CPU
		{0F973619-6A14-470C-9C14-08637D881367}.Release|Any CPU.ActiveCfg = Release|Any CPU
		{0F973619-6A14-470C-9C14-08637D881367}.Release|Any CPU.Build.0 = Release|Any CPU
		{F27F7680-1AAC-48A5-87C2-062F457C1732}.Debug|Any CPU.ActiveCfg = Debug|Any CPU
		{F27F7680-1AAC-48A5-87C2-062F457C1732}.Debug|Any CPU.Build.0 = Debug|Any CPU
		{F27F7680-1AAC-48A5-87C2-062F457C1732}.Release|Any CPU.ActiveCfg = Release|Any CPU
		{F27F7680-1AAC-48A5-87C2-062F457C1732}.Release|Any CPU.Build.0 = Release|Any CPU
		{2E8AB3E7-9279-4081-B71F-2F7F8BB79FC4}.Debug|Any CPU.ActiveCfg = Debug|Any CPU
		{2E8AB3E7-9279-4081-B71F-2F7F8BB79FC4}.Debug|Any CPU.Build.0 = Debug|Any CPU
		{2E8AB3E7-9279-4081-B71F-2F7F8BB79FC4}.Release|Any CPU.ActiveCfg = Release|Any CPU
		{2E8AB3E7-9279-4081-B71F-2F7F8BB79FC4}.Release|Any CPU.Build.0 = Release|Any CPU
	EndGlobalSection
	GlobalSection(SolutionProperties) = preSolution
		HideSolutionNode = FALSE
	EndGlobalSection
EndGlobal
