
Microsoft Visual Studio Solution File, Format Version 12.00
# Visual Studio 15
VisualStudioVersion = 15.0.26730.12
MinimumVisualStudioVersion = 10.0.40219.1
Project("{FAE04EC0-301F-11D3-BF4B-00C04F79EFBC}") = "Pvax.UI", "Pvax.UI\Pvax.UI.csproj", "{4F57E76A-35F1-43E6-B4A9-20A95ABD7C72}"
EndProject
Project("{FAE04EC0-301F-11D3-BF4B-00C04F79EFBC}") = "Sample", "Sample\Sample.csproj", "{1B4F8F7D-034C-4924-9246-8022CAC36FA7}"
EndProject
Project("{FAE04EC0-301F-11D3-BF4B-00C04F79EFBC}") = "Vectors", "Vectors\Vectors.csproj", "{43345D2D-5AD7-4489-B720-994DF9A9F361}"
EndProject
Project("{FAE04EC0-301F-11D3-BF4B-00C04F79EFBC}") = "BufferedGraphicsContextExample", "BufferedGraphicsContextExample\BufferedGraphicsContextExample.csproj", "{6F8ACEC8-96DC-4B93-952A-CA3C3DB5776A}"
EndProject
Project("{FAE04EC0-301F-11D3-BF4B-00C04F79EFBC}") = "Sample2", "Sample2\Sample2.csproj", "{C6D46E08-EB9E-4C81-9C41-930D2DE2623F}"
EndProject
Project("{FAE04EC0-301F-11D3-BF4B-00C04F79EFBC}") = "SampleOpenTK", "Sample3\SampleOpenTK.csproj", "{B36B8AAB-D6B4-4B2F-B47F-8AE0F27FC8FB}"
EndProject
Global
	GlobalSection(SolutionConfigurationPlatforms) = preSolution
		Debug|Any CPU = Debug|Any CPU
		Release|Any CPU = Release|Any CPU
	EndGlobalSection
	GlobalSection(ProjectConfigurationPlatforms) = postSolution
		{4F57E76A-35F1-43E6-B4A9-20A95ABD7C72}.Debug|Any CPU.ActiveCfg = Debug|Any CPU
		{4F57E76A-35F1-43E6-B4A9-20A95ABD7C72}.Debug|Any CPU.Build.0 = Debug|Any CPU
		{4F57E76A-35F1-43E6-B4A9-20A95ABD7C72}.Release|Any CPU.ActiveCfg = Release|Any CPU
		{4F57E76A-35F1-43E6-B4A9-20A95ABD7C72}.Release|Any CPU.Build.0 = Release|Any CPU
		{1B4F8F7D-034C-4924-9246-8022CAC36FA7}.Debug|Any CPU.ActiveCfg = Debug|Any CPU
		{1B4F8F7D-034C-4924-9246-8022CAC36FA7}.Debug|Any CPU.Build.0 = Debug|Any CPU
		{1B4F8F7D-034C-4924-9246-8022CAC36FA7}.Release|Any CPU.ActiveCfg = Release|Any CPU
		{1B4F8F7D-034C-4924-9246-8022CAC36FA7}.Release|Any CPU.Build.0 = Release|Any CPU
		{43345D2D-5AD7-4489-B720-994DF9A9F361}.Debug|Any CPU.ActiveCfg = Debug|Any CPU
		{43345D2D-5AD7-4489-B720-994DF9A9F361}.Debug|Any CPU.Build.0 = Debug|Any CPU
		{43345D2D-5AD7-4489-B720-994DF9A9F361}.Release|Any CPU.ActiveCfg = Release|Any CPU
		{43345D2D-5AD7-4489-B720-994DF9A9F361}.Release|Any CPU.Build.0 = Release|Any CPU
		{6F8ACEC8-96DC-4B93-952A-CA3C3DB5776A}.Debug|Any CPU.ActiveCfg = Debug|Any CPU
		{6F8ACEC8-96DC-4B93-952A-CA3C3DB5776A}.Debug|Any CPU.Build.0 = Debug|Any CPU
		{6F8ACEC8-96DC-4B93-952A-CA3C3DB5776A}.Release|Any CPU.ActiveCfg = Release|Any CPU
		{6F8ACEC8-96DC-4B93-952A-CA3C3DB5776A}.Release|Any CPU.Build.0 = Release|Any CPU
		{C6D46E08-EB9E-4C81-9C41-930D2DE2623F}.Debug|Any CPU.ActiveCfg = Debug|Any CPU
		{C6D46E08-EB9E-4C81-9C41-930D2DE2623F}.Debug|Any CPU.Build.0 = Debug|Any CPU
		{C6D46E08-EB9E-4C81-9C41-930D2DE2623F}.Release|Any CPU.ActiveCfg = Release|Any CPU
		{C6D46E08-EB9E-4C81-9C41-930D2DE2623F}.Release|Any CPU.Build.0 = Release|Any CPU
		{B36B8AAB-D6B4-4B2F-B47F-8AE0F27FC8FB}.Debug|Any CPU.ActiveCfg = Debug|Any CPU
		{B36B8AAB-D6B4-4B2F-B47F-8AE0F27FC8FB}.Debug|Any CPU.Build.0 = Debug|Any CPU
		{B36B8AAB-D6B4-4B2F-B47F-8AE0F27FC8FB}.Release|Any CPU.ActiveCfg = Release|Any CPU
		{B36B8AAB-D6B4-4B2F-B47F-8AE0F27FC8FB}.Release|Any CPU.Build.0 = Release|Any CPU
	EndGlobalSection
	GlobalSection(SolutionProperties) = preSolution
		HideSolutionNode = FALSE
	EndGlobalSection
	GlobalSection(ExtensibilityGlobals) = postSolution
		SolutionGuid = {5DF2F5C7-DF0D-4C6C-9B6E-37B8C934699B}
	EndGlobalSection
	GlobalSection(Performance) = preSolution
		HasPerformanceSessions = true
	EndGlobalSection
	GlobalSection(Performance) = preSolution
		HasPerformanceSessions = true
	EndGlobalSection
EndGlobal
